// !$*UTF8*$!
{
	archiveVersion = 1;
	classes = {
	};
	objectVersion = 56;
	objects = {

/* Begin PBXBuildFile section */
		F86C80D92C6C158200DF2C1A /* Card.swift in Sources */ = {isa = PBXBuildFile; fileRef = F86C80D82C6C158200DF2C1A /* Card.swift */; };
		F86C80DB2C6C162500DF2C1A /* CardView.swift in Sources */ = {isa = PBXBuildFile; fileRef = F86C80DA2C6C162500DF2C1A /* CardView.swift */; };
		F86C80DD2C6C40A500DF2C1A /* EditCards.swift in Sources */ = {isa = PBXBuildFile; fileRef = F86C80DC2C6C40A500DF2C1A /* EditCards.swift */; };
		F898D33D2C69904700AE6436 /* FlashzillaApp.swift in Sources */ = {isa = PBXBuildFile; fileRef = F898D33C2C69904700AE6436 /* FlashzillaApp.swift */; };
		F898D33F2C69904700AE6436 /* ContentView.swift in Sources */ = {isa = PBXBuildFile; fileRef = F898D33E2C69904700AE6436 /* ContentView.swift */; };
		F898D3412C69904800AE6436 /* Assets.xcassets in Resources */ = {isa = PBXBuildFile; fileRef = F898D3402C69904800AE6436 /* Assets.xcassets */; };
		F898D3442C69904800AE6436 /* Preview Assets.xcassets in Resources */ = {isa = PBXBuildFile; fileRef = F898D3432C69904800AE6436 /* Preview Assets.xcassets */; };
		F898D34E2C69908D00AE6436 /* GesturesContentView.swift in Sources */ = {isa = PBXBuildFile; fileRef = F898D34D2C69908D00AE6436 /* GesturesContentView.swift */; };
		F898D3502C69928600AE6436 /* RotationEffectContentView.swift in Sources */ = {isa = PBXBuildFile; fileRef = F898D34F2C69928600AE6436 /* RotationEffectContentView.swift */; };
		F898D3522C6993A300AE6436 /* DragGestureContentView.swift in Sources */ = {isa = PBXBuildFile; fileRef = F898D3512C6993A300AE6436 /* DragGestureContentView.swift */; };
		F898D3542C69944300AE6436 /* DisablingUserInteractivelyContentView.swift in Sources */ = {isa = PBXBuildFile; fileRef = F898D3532C69944300AE6436 /* DisablingUserInteractivelyContentView.swift */; };
		F898D3562C69976700AE6436 /* TimerContentView.swift in Sources */ = {isa = PBXBuildFile; fileRef = F898D3552C69976700AE6436 /* TimerContentView.swift */; };
		F898D3582C69990D00AE6436 /* MonitorWhenAppGoesBackgroundContentView.swift in Sources */ = {isa = PBXBuildFile; fileRef = F898D3572C69990D00AE6436 /* MonitorWhenAppGoesBackgroundContentView.swift */; };
/* End PBXBuildFile section */

/* Begin PBXFileReference section */
		F86C80D82C6C158200DF2C1A /* Card.swift */ = {isa = PBXFileReference; lastKnownFileType = sourcecode.swift; path = Card.swift; sourceTree = "<group>"; };
		F86C80DA2C6C162500DF2C1A /* CardView.swift */ = {isa = PBXFileReference; lastKnownFileType = sourcecode.swift; path = CardView.swift; sourceTree = "<group>"; };
		F86C80DC2C6C40A500DF2C1A /* EditCards.swift */ = {isa = PBXFileReference; lastKnownFileType = sourcecode.swift; path = EditCards.swift; sourceTree = "<group>"; };
		F898D3392C69904700AE6436 /* Flashzilla.app */ = {isa = PBXFileReference; explicitFileType = wrapper.application; includeInIndex = 0; path = Flashzilla.app; sourceTree = BUILT_PRODUCTS_DIR; };
		F898D33C2C69904700AE6436 /* FlashzillaApp.swift */ = {isa = PBXFileReference; lastKnownFileType = sourcecode.swift; path = FlashzillaApp.swift; sourceTree = "<group>"; };
		F898D33E2C69904700AE6436 /* ContentView.swift */ = {isa = PBXFileReference; lastKnownFileType = sourcecode.swift; path = ContentView.swift; sourceTree = "<group>"; };
		F898D3402C69904800AE6436 /* Assets.xcassets */ = {isa = PBXFileReference; lastKnownFileType = folder.assetcatalog; path = Assets.xcassets; sourceTree = "<group>"; };
		F898D3432C69904800AE6436 /* Preview Assets.xcassets */ = {isa = PBXFileReference; lastKnownFileType = folder.assetcatalog; path = "Preview Assets.xcassets"; sourceTree = "<group>"; };
		F898D34D2C69908D00AE6436 /* GesturesContentView.swift */ = {isa = PBXFileReference; lastKnownFileType = sourcecode.swift; path = GesturesContentView.swift; sourceTree = "<group>"; };
		F898D34F2C69928600AE6436 /* RotationEffectContentView.swift */ = {isa = PBXFileReference; lastKnownFileType = sourcecode.swift; path = RotationEffectContentView.swift; sourceTree = "<group>"; };
		F898D3512C6993A300AE6436 /* DragGestureContentView.swift */ = {isa = PBXFileReference; lastKnownFileType = sourcecode.swift; path = DragGestureContentView.swift; sourceTree = "<group>"; };
		F898D3532C69944300AE6436 /* DisablingUserInteractivelyContentView.swift */ = {isa = PBXFileReference; lastKnownFileType = sourcecode.swift; path = DisablingUserInteractivelyContentView.swift; sourceTree = "<group>"; };
		F898D3552C69976700AE6436 /* TimerContentView.swift */ = {isa = PBXFileReference; lastKnownFileType = sourcecode.swift; path = TimerContentView.swift; sourceTree = "<group>"; };
		F898D3572C69990D00AE6436 /* MonitorWhenAppGoesBackgroundContentView.swift */ = {isa = PBXFileReference; lastKnownFileType = sourcecode.swift; path = MonitorWhenAppGoesBackgroundContentView.swift; sourceTree = "<group>"; };
/* End PBXFileReference section */

/* Begin PBXFrameworksBuildPhase section */
		F898D3362C69904700AE6436 /* Frameworks */ = {
			isa = PBXFrameworksBuildPhase;
			buildActionMask = 2147483647;
			files = (
			);
			runOnlyForDeploymentPostprocessing = 0;
		};
/* End PBXFrameworksBuildPhase section */

/* Begin PBXGroup section */
		F898D3302C69904700AE6436 = {
			isa = PBXGroup;
			children = (
				F898D33B2C69904700AE6436 /* Flashzilla */,
				F898D33A2C69904700AE6436 /* Products */,
			);
			sourceTree = "<group>";
		};
		F898D33A2C69904700AE6436 /* Products */ = {
			isa = PBXGroup;
			children = (
				F898D3392C69904700AE6436 /* Flashzilla.app */,
			);
			name = Products;
			sourceTree = "<group>";
		};
		F898D33B2C69904700AE6436 /* Flashzilla */ = {
			isa = PBXGroup;
			children = (
				F898D34B2C69906C00AE6436 /* Models */,
				F898D34A2C69906500AE6436 /* Views */,
				F898D33C2C69904700AE6436 /* FlashzillaApp.swift */,
				F898D3402C69904800AE6436 /* Assets.xcassets */,
				F898D3422C69904800AE6436 /* Preview Content */,
			);
			path = Flashzilla;
			sourceTree = "<group>";
		};
		F898D3422C69904800AE6436 /* Preview Content */ = {
			isa = PBXGroup;
			children = (
				F898D3432C69904800AE6436 /* Preview Assets.xcassets */,
			);
			path = "Preview Content";
			sourceTree = "<group>";
		};
		F898D34A2C69906500AE6436 /* Views */ = {
			isa = PBXGroup;
			children = (
				F898D34C2C69907C00AE6436 /* Playgrounds */,
				F898D33E2C69904700AE6436 /* ContentView.swift */,
				F86C80DA2C6C162500DF2C1A /* CardView.swift */,
				F86C80DC2C6C40A500DF2C1A /* EditCards.swift */,
			);
			path = Views;
			sourceTree = "<group>";
		};
		F898D34B2C69906C00AE6436 /* Models */ = {
			isa = PBXGroup;
			children = (
				F86C80D82C6C158200DF2C1A /* Card.swift */,
			);
			path = Models;
			sourceTree = "<group>";
		};
		F898D34C2C69907C00AE6436 /* Playgrounds */ = {
			isa = PBXGroup;
			children = (
				F898D34D2C69908D00AE6436 /* GesturesContentView.swift */,
				F898D34F2C69928600AE6436 /* RotationEffectContentView.swift */,
				F898D3512C6993A300AE6436 /* DragGestureContentView.swift */,
				F898D3532C69944300AE6436 /* DisablingUserInteractivelyContentView.swift */,
				F898D3552C69976700AE6436 /* TimerContentView.swift */,
				F898D3572C69990D00AE6436 /* MonitorWhenAppGoesBackgroundContentView.swift */,
			);
			path = Playgrounds;
			sourceTree = "<group>";
		};
/* End PBXGroup section */

/* Begin PBXNativeTarget section */
		F898D3382C69904700AE6436 /* Flashzilla */ = {
			isa = PBXNativeTarget;
			buildConfigurationList = F898D3472C69904800AE6436 /* Build configuration list for PBXNativeTarget "Flashzilla" */;
			buildPhases = (
				F898D3352C69904700AE6436 /* Sources */,
				F898D3362C69904700AE6436 /* Frameworks */,
				F898D3372C69904700AE6436 /* Resources */,
			);
			buildRules = (
			);
			dependencies = (
			);
			name = Flashzilla;
			productName = Flashzilla;
			productReference = F898D3392C69904700AE6436 /* Flashzilla.app */;
			productType = "com.apple.product-type.application";
		};
/* End PBXNativeTarget section */

/* Begin PBXProject section */
		F898D3312C69904700AE6436 /* Project object */ = {
			isa = PBXProject;
			attributes = {
				BuildIndependentTargetsInParallel = 1;
				LastSwiftUpdateCheck = 1540;
				LastUpgradeCheck = 1540;
				TargetAttributes = {
					F898D3382C69904700AE6436 = {
						CreatedOnToolsVersion = 15.4;
					};
				};
			};
			buildConfigurationList = F898D3342C69904700AE6436 /* Build configuration list for PBXProject "Flashzilla" */;
			compatibilityVersion = "Xcode 14.0";
			developmentRegion = en;
			hasScannedForEncodings = 0;
			knownRegions = (
				en,
				Base,
			);
			mainGroup = F898D3302C69904700AE6436;
			productRefGroup = F898D33A2C69904700AE6436 /* Products */;
			projectDirPath = "";
			projectRoot = "";
			targets = (
				F898D3382C69904700AE6436 /* Flashzilla */,
			);
		};
/* End PBXProject section */

/* Begin PBXResourcesBuildPhase section */
		F898D3372C69904700AE6436 /* Resources */ = {
			isa = PBXResourcesBuildPhase;
			buildActionMask = 2147483647;
			files = (
				F898D3442C69904800AE6436 /* Preview Assets.xcassets in Resources */,
				F898D3412C69904800AE6436 /* Assets.xcassets in Resources */,
			);
			runOnlyForDeploymentPostprocessing = 0;
		};
/* End PBXResourcesBuildPhase section */

/* Begin PBXSourcesBuildPhase section */
		F898D3352C69904700AE6436 /* Sources */ = {
			isa = PBXSourcesBuildPhase;
			buildActionMask = 2147483647;
			files = (
				F898D33F2C69904700AE6436 /* ContentView.swift in Sources */,
				F86C80D92C6C158200DF2C1A /* Card.swift in Sources */,
				F898D3522C6993A300AE6436 /* DragGestureContentView.swift in Sources */,
				F898D3502C69928600AE6436 /* RotationEffectContentView.swift in Sources */,
				F86C80DD2C6C40A500DF2C1A /* EditCards.swift in Sources */,
				F86C80DB2C6C162500DF2C1A /* CardView.swift in Sources */,
				F898D3542C69944300AE6436 /* DisablingUserInteractivelyContentView.swift in Sources */,
				F898D33D2C69904700AE6436 /* FlashzillaApp.swift in Sources */,
				F898D34E2C69908D00AE6436 /* GesturesContentView.swift in Sources */,
				F898D3562C69976700AE6436 /* TimerContentView.swift in Sources */,
				F898D3582C69990D00AE6436 /* MonitorWhenAppGoesBackgroundContentView.swift in Sources */,
			);
			runOnlyForDeploymentPostprocessing = 0;
		};
/* End PBXSourcesBuildPhase section */

/* Begin XCBuildConfiguration section */
		F898D3452C69904800AE6436 /* Debug */ = {
			isa = XCBuildConfiguration;
			buildSettings = {
				ALWAYS_SEARCH_USER_PATHS = NO;
				ASSETCATALOG_COMPILER_GENERATE_SWIFT_ASSET_SYMBOL_EXTENSIONS = YES;
				CLANG_ANALYZER_NONNULL = YES;
				CLANG_ANALYZER_NUMBER_OBJECT_CONVERSION = YES_AGGRESSIVE;
				CLANG_CXX_LANGUAGE_STANDARD = "gnu++20";
				CLANG_ENABLE_MODULES = YES;
				CLANG_ENABLE_OBJC_ARC = YES;
				CLANG_ENABLE_OBJC_WEAK = YES;
				CLANG_WARN_BLOCK_CAPTURE_AUTORELEASING = YES;
				CLANG_WARN_BOOL_CONVERSION = YES;
				CLANG_WARN_COMMA = YES;
				CLANG_WARN_CONSTANT_CONVERSION = YES;
				CLANG_WARN_DEPRECATED_OBJC_IMPLEMENTATIONS = YES;
				CLANG_WARN_DIRECT_OBJC_ISA_USAGE = YES_ERROR;
				CLANG_WARN_DOCUMENTATION_COMMENTS = YES;
				CLANG_WARN_EMPTY_BODY = YES;
				CLANG_WARN_ENUM_CONVERSION = YES;
				CLANG_WARN_INFINITE_RECURSION = YES;
				CLANG_WARN_INT_CONVERSION = YES;
				CLANG_WARN_NON_LITERAL_NULL_CONVERSION = YES;
				CLANG_WARN_OBJC_IMPLICIT_RETAIN_SELF = YES;
				CLANG_WARN_OBJC_LITERAL_CONVERSION = YES;
				CLANG_WARN_OBJC_ROOT_CLASS = YES_ERROR;
				CLANG_WARN_QUOTED_INCLUDE_IN_FRAMEWORK_HEADER = YES;
				CLANG_WARN_RANGE_LOOP_ANALYSIS = YES;
				CLANG_WARN_STRICT_PROTOTYPES = YES;
				CLANG_WARN_SUSPICIOUS_MOVE = YES;
				CLANG_WARN_UNGUARDED_AVAILABILITY = YES_AGGRESSIVE;
				CLANG_WARN_UNREACHABLE_CODE = YES;
				CLANG_WARN__DUPLICATE_METHOD_MATCH = YES;
				COPY_PHASE_STRIP = NO;
				DEBUG_INFORMATION_FORMAT = dwarf;
				ENABLE_STRICT_OBJC_MSGSEND = YES;
				ENABLE_TESTABILITY = YES;
				ENABLE_USER_SCRIPT_SANDBOXING = YES;
				GCC_C_LANGUAGE_STANDARD = gnu17;
				GCC_DYNAMIC_NO_PIC = NO;
				GCC_NO_COMMON_BLOCKS = YES;
				GCC_OPTIMIZATION_LEVEL = 0;
				GCC_PREPROCESSOR_DEFINITIONS = (
					"DEBUG=1",
					"$(inherited)",
				);
				GCC_WARN_64_TO_32_BIT_CONVERSION = YES;
				GCC_WARN_ABOUT_RETURN_TYPE = YES_ERROR;
				GCC_WARN_UNDECLARED_SELECTOR = YES;
				GCC_WARN_UNINITIALIZED_AUTOS = YES_AGGRESSIVE;
				GCC_WARN_UNUSED_FUNCTION = YES;
				GCC_WARN_UNUSED_VARIABLE = YES;
				IPHONEOS_DEPLOYMENT_TARGET = 17.5;
				LOCALIZATION_PREFERS_STRING_CATALOGS = YES;
				MTL_ENABLE_DEBUG_INFO = INCLUDE_SOURCE;
				MTL_FAST_MATH = YES;
				ONLY_ACTIVE_ARCH = YES;
				SDKROOT = iphoneos;
				SWIFT_ACTIVE_COMPILATION_CONDITIONS = "DEBUG $(inherited)";
				SWIFT_OPTIMIZATION_LEVEL = "-Onone";
			};
			name = Debug;
		};
		F898D3462C69904800AE6436 /* Release */ = {
			isa = XCBuildConfiguration;
			buildSettings = {
				ALWAYS_SEARCH_USER_PATHS = NO;
				ASSETCATALOG_COMPILER_GENERATE_SWIFT_ASSET_SYMBOL_EXTENSIONS = YES;
				CLANG_ANALYZER_NONNULL = YES;
				CLANG_ANALYZER_NUMBER_OBJECT_CONVERSION = YES_AGGRESSIVE;
				CLANG_CXX_LANGUAGE_STANDARD = "gnu++20";
				CLANG_ENABLE_MODULES = YES;
				CLANG_ENABLE_OBJC_ARC = YES;
				CLANG_ENABLE_OBJC_WEAK = YES;
				CLANG_WARN_BLOCK_CAPTURE_AUTORELEASING = YES;
				CLANG_WARN_BOOL_CONVERSION = YES;
				CLANG_WARN_COMMA = YES;
				CLANG_WARN_CONSTANT_CONVERSION = YES;
				CLANG_WARN_DEPRECATED_OBJC_IMPLEMENTATIONS = YES;
				CLANG_WARN_DIRECT_OBJC_ISA_USAGE = YES_ERROR;
				CLANG_WARN_DOCUMENTATION_COMMENTS = YES;
				CLANG_WARN_EMPTY_BODY = YES;
				CLANG_WARN_ENUM_CONVERSION = YES;
				CLANG_WARN_INFINITE_RECURSION = YES;
				CLANG_WARN_INT_CONVERSION = YES;
				CLANG_WARN_NON_LITERAL_NULL_CONVERSION = YES;
				CLANG_WARN_OBJC_IMPLICIT_RETAIN_SELF = YES;
				CLANG_WARN_OBJC_LITERAL_CONVERSION = YES;
				CLANG_WARN_OBJC_ROOT_CLASS = YES_ERROR;
				CLANG_WARN_QUOTED_INCLUDE_IN_FRAMEWORK_HEADER = YES;
				CLANG_WARN_RANGE_LOOP_ANALYSIS = YES;
				CLANG_WARN_STRICT_PROTOTYPES = YES;
				CLANG_WARN_SUSPICIOUS_MOVE = YES;
				CLANG_WARN_UNGUARDED_AVAILABILITY = YES_AGGRESSIVE;
				CLANG_WARN_UNREACHABLE_CODE = YES;
				CLANG_WARN__DUPLICATE_METHOD_MATCH = YES;
				COPY_PHASE_STRIP = NO;
				DEBUG_INFORMATION_FORMAT = "dwarf-with-dsym";
				ENABLE_NS_ASSERTIONS = NO;
				ENABLE_STRICT_OBJC_MSGSEND = YES;
				ENABLE_USER_SCRIPT_SANDBOXING = YES;
				GCC_C_LANGUAGE_STANDARD = gnu17;
				GCC_NO_COMMON_BLOCKS = YES;
				GCC_WARN_64_TO_32_BIT_CONVERSION = YES;
				GCC_WARN_ABOUT_RETURN_TYPE = YES_ERROR;
				GCC_WARN_UNDECLARED_SELECTOR = YES;
				GCC_WARN_UNINITIALIZED_AUTOS = YES_AGGRESSIVE;
				GCC_WARN_UNUSED_FUNCTION = YES;
				GCC_WARN_UNUSED_VARIABLE = YES;
				IPHONEOS_DEPLOYMENT_TARGET = 17.5;
				LOCALIZATION_PREFERS_STRING_CATALOGS = YES;
				MTL_ENABLE_DEBUG_INFO = NO;
				MTL_FAST_MATH = YES;
				SDKROOT = iphoneos;
				SWIFT_COMPILATION_MODE = wholemodule;
				VALIDATE_PRODUCT = YES;
			};
			name = Release;
		};
		F898D3482C69904800AE6436 /* Debug */ = {
			isa = XCBuildConfiguration;
			buildSettings = {
				ASSETCATALOG_COMPILER_APPICON_NAME = AppIcon;
				ASSETCATALOG_COMPILER_GLOBAL_ACCENT_COLOR_NAME = AccentColor;
				CODE_SIGN_STYLE = Automatic;
				CURRENT_PROJECT_VERSION = 1;
				DEVELOPMENT_ASSET_PATHS = "\"Flashzilla/Preview Content\"";
				DEVELOPMENT_TEAM = G6HATL4S2M;
				ENABLE_PREVIEWS = YES;
				GENERATE_INFOPLIST_FILE = YES;
				INFOPLIST_KEY_UIApplicationSceneManifest_Generation = YES;
				INFOPLIST_KEY_UIApplicationSupportsIndirectInputEvents = YES;
				INFOPLIST_KEY_UILaunchScreen_Generation = YES;
				INFOPLIST_KEY_UISupportedInterfaceOrientations_iPad = "UIInterfaceOrientationPortrait UIInterfaceOrientationPortraitUpsideDown UIInterfaceOrientationLandscapeLeft UIInterfaceOrientationLandscapeRight";
				INFOPLIST_KEY_UISupportedInterfaceOrientations_iPhone = "UIInterfaceOrientationLandscapeLeft UIInterfaceOrientationLandscapeRight";
				LD_RUNPATH_SEARCH_PATHS = (
					"$(inherited)",
					"@executable_path/Frameworks",
				);
				MARKETING_VERSION = 1.0;
				PRODUCT_BUNDLE_IDENTIFIER = br.com.shaft.Flashzilla;
				PRODUCT_NAME = "$(TARGET_NAME)";
				SWIFT_EMIT_LOC_STRINGS = YES;
				SWIFT_VERSION = 5.0;
				TARGETED_DEVICE_FAMILY = "1,2";
			};
			name = Debug;
		};
		F898D3492C69904800AE6436 /* Release */ = {
			isa = XCBuildConfiguration;
			buildSettings = {
				ASSETCATALOG_COMPILER_APPICON_NAME = AppIcon;
				ASSETCATALOG_COMPILER_GLOBAL_ACCENT_COLOR_NAME = AccentColor;
				CODE_SIGN_STYLE = Automatic;
				CURRENT_PROJECT_VERSION = 1;
				DEVELOPMENT_ASSET_PATHS = "\"Flashzilla/Preview Content\"";
				DEVELOPMENT_TEAM = G6HATL4S2M;
				ENABLE_PREVIEWS = YES;
				GENERATE_INFOPLIST_FILE = YES;
				INFOPLIST_KEY_UIApplicationSceneManifest_Generation = YES;
				INFOPLIST_KEY_UIApplicationSupportsIndirectInputEvents = YES;
				INFOPLIST_KEY_UILaunchScreen_Generation = YES;
				INFOPLIST_KEY_UISupportedInterfaceOrientations_iPad = "UIInterfaceOrientationPortrait UIInterfaceOrientationPortraitUpsideDown UIInterfaceOrientationLandscapeLeft UIInterfaceOrientationLandscapeRight";
				INFOPLIST_KEY_UISupportedInterfaceOrientations_iPhone = "UIInterfaceOrientationLandscapeLeft UIInterfaceOrientationLandscapeRight";
				LD_RUNPATH_SEARCH_PATHS = (
					"$(inherited)",
					"@executable_path/Frameworks",
				);
				MARKETING_VERSION = 1.0;
				PRODUCT_BUNDLE_IDENTIFIER = br.com.shaft.Flashzilla;
				PRODUCT_NAME = "$(TARGET_NAME)";
				SWIFT_EMIT_LOC_STRINGS = YES;
				SWIFT_VERSION = 5.0;
				TARGETED_DEVICE_FAMILY = "1,2";
			};
			name = Release;
		};
/* End XCBuildConfiguration section */

/* Begin XCConfigurationList section */
		F898D3342C69904700AE6436 /* Build configuration list for PBXProject "Flashzilla" */ = {
			isa = XCConfigurationList;
			buildConfigurations = (
				F898D3452C69904800AE6436 /* Debug */,
				F898D3462C69904800AE6436 /* Release */,
			);
			defaultConfigurationIsVisible = 0;
			defaultConfigurationName = Release;
		};
		F898D3472C69904800AE6436 /* Build configuration list for PBXNativeTarget "Flashzilla" */ = {
			isa = XCConfigurationList;
			buildConfigurations = (
				F898D3482C69904800AE6436 /* Debug */,
				F898D3492C69904800AE6436 /* Release */,
			);
			defaultConfigurationIsVisible = 0;
			defaultConfigurationName = Release;
		};
/* End XCConfigurationList section */
	};
	rootObject = F898D3312C69904700AE6436 /* Project object */;
}
